// !$*UTF8*$!
{
	archiveVersion = 1;
	classes = {
	};
	objectVersion = 50;
	objects = {

/* Begin PBXBuildFile section */
		1595D13C21AC3FB300658827 /* AppDelegate.swift in Sources */ = {isa = PBXBuildFile; fileRef = 1595D13B21AC3FB300658827 /* AppDelegate.swift */; };
		1595D13E21AC3FB300658827 /* ViewController.swift in Sources */ = {isa = PBXBuildFile; fileRef = 1595D13D21AC3FB300658827 /* ViewController.swift */; };
		1595D14121AC3FB300658827 /* Main.storyboard in Resources */ = {isa = PBXBuildFile; fileRef = 1595D13F21AC3FB300658827 /* Main.storyboard */; };
		1595D14321AC3FB500658827 /* Assets.xcassets in Resources */ = {isa = PBXBuildFile; fileRef = 1595D14221AC3FB500658827 /* Assets.xcassets */; };
		1595D14621AC3FB500658827 /* LaunchScreen.storyboard in Resources */ = {isa = PBXBuildFile; fileRef = 1595D14421AC3FB500658827 /* LaunchScreen.storyboard */; };
		1595D15121AC3FB500658827 /* UISliderCodeTests.swift in Sources */ = {isa = PBXBuildFile; fileRef = 1595D15021AC3FB500658827 /* UISliderCodeTests.swift */; };
		1595D15C21AC3FB500658827 /* UISliderCodeUITests.swift in Sources */ = {isa = PBXBuildFile; fileRef = 1595D15B21AC3FB500658827 /* UISliderCodeUITests.swift */; };
/* End PBXBuildFile section */

/* Begin PBXContainerItemProxy section */
		1595D14D21AC3FB500658827 /* PBXContainerItemProxy */ = {
			isa = PBXContainerItemProxy;
			containerPortal = 1595D13021AC3FB300658827 /* Project object */;
			proxyType = 1;
			remoteGlobalIDString = 1595D13721AC3FB300658827;
			remoteInfo = UISliderCode;
		};
		1595D15821AC3FB500658827 /* PBXContainerItemProxy */ = {
			isa = PBXContainerItemProxy;
			containerPortal = 1595D13021AC3FB300658827 /* Project object */;
			proxyType = 1;
			remoteGlobalIDString = 1595D13721AC3FB300658827;
			remoteInfo = UISliderCode;
		};
/* End PBXContainerItemProxy section */

/* Begin PBXFileReference section */
		1595D13821AC3FB300658827 /* UISliderCode.app */ = {isa = PBXFileReference; explicitFileType = wrapper.application; includeInIndex = 0; path = UISliderCode.app; sourceTree = BUILT_PRODUCTS_DIR; };
		1595D13B21AC3FB300658827 /* AppDelegate.swift */ = {isa = PBXFileReference; lastKnownFileType = sourcecode.swift; path = AppDelegate.swift; sourceTree = "<group>"; };
		1595D13D21AC3FB300658827 /* ViewController.swift */ = {isa = PBXFileReference; lastKnownFileType = sourcecode.swift; path = ViewController.swift; sourceTree = "<group>"; };
		1595D14021AC3FB300658827 /* Base */ = {isa = PBXFileReference; lastKnownFileType = file.storyboard; name = Base; path = Base.lproj/Main.storyboard; sourceTree = "<group>"; };
		1595D14221AC3FB500658827 /* Assets.xcassets */ = {isa = PBXFileReference; lastKnownFileType = folder.assetcatalog; path = Assets.xcassets; sourceTree = "<group>"; };
		1595D14521AC3FB500658827 /* Base */ = {isa = PBXFileReference; lastKnownFileType = file.storyboard; name = Base; path = Base.lproj/LaunchScreen.storyboard; sourceTree = "<group>"; };
		1595D14721AC3FB500658827 /* Info.plist */ = {isa = PBXFileReference; lastKnownFileType = text.plist.xml; path = Info.plist; sourceTree = "<group>"; };
		1595D14C21AC3FB500658827 /* UISliderCodeTests.xctest */ = {isa = PBXFileReference; explicitFileType = wrapper.cfbundle; includeInIndex = 0; path = UISliderCodeTests.xctest; sourceTree = BUILT_PRODUCTS_DIR; };
		1595D15021AC3FB500658827 /* UISliderCodeTests.swift */ = {isa = PBXFileReference; lastKnownFileType = sourcecode.swift; path = UISliderCodeTests.swift; sourceTree = "<group>"; };
		1595D15221AC3FB500658827 /* Info.plist */ = {isa = PBXFileReference; lastKnownFileType = text.plist.xml; path = Info.plist; sourceTree = "<group>"; };
		1595D15721AC3FB500658827 /* UISliderCodeUITests.xctest */ = {isa = PBXFileReference; explicitFileType = wrapper.cfbundle; includeInIndex = 0; path = UISliderCodeUITests.xctest; sourceTree = BUILT_PRODUCTS_DIR; };
		1595D15B21AC3FB500658827 /* UISliderCodeUITests.swift */ = {isa = PBXFileReference; lastKnownFileType = sourcecode.swift; path = UISliderCodeUITests.swift; sourceTree = "<group>"; };
		1595D15D21AC3FB500658827 /* Info.plist */ = {isa = PBXFileReference; lastKnownFileType = text.plist.xml; path = Info.plist; sourceTree = "<group>"; };
/* End PBXFileReference section */

/* Begin PBXFrameworksBuildPhase section */
		1595D13521AC3FB300658827 /* Frameworks */ = {
			isa = PBXFrameworksBuildPhase;
			buildActionMask = 2147483647;
			files = (
			);
			runOnlyForDeploymentPostprocessing = 0;
		};
		1595D14921AC3FB500658827 /* Frameworks */ = {
			isa = PBXFrameworksBuildPhase;
			buildActionMask = 2147483647;
			files = (
			);
			runOnlyForDeploymentPostprocessing = 0;
		};
		1595D15421AC3FB500658827 /* Frameworks */ = {
			isa = PBXFrameworksBuildPhase;
			buildActionMask = 2147483647;
			files = (
			);
			runOnlyForDeploymentPostprocessing = 0;
		};
/* End PBXFrameworksBuildPhase section */

/* Begin PBXGroup section */
		1595D12F21AC3FB300658827 = {
			isa = PBXGroup;
			children = (
				1595D13A21AC3FB300658827 /* UISliderCode */,
				1595D14F21AC3FB500658827 /* UISliderCodeTests */,
				1595D15A21AC3FB500658827 /* UISliderCodeUITests */,
				1595D13921AC3FB300658827 /* Products */,
			);
			sourceTree = "<group>";
		};
		1595D13921AC3FB300658827 /* Products */ = {
			isa = PBXGroup;
			children = (
				1595D13821AC3FB300658827 /* UISliderCode.app */,
				1595D14C21AC3FB500658827 /* UISliderCodeTests.xctest */,
				1595D15721AC3FB500658827 /* UISliderCodeUITests.xctest */,
			);
			name = Products;
			sourceTree = "<group>";
		};
		1595D13A21AC3FB300658827 /* UISliderCode */ = {
			isa = PBXGroup;
			children = (
				1595D13B21AC3FB300658827 /* AppDelegate.swift */,
				1595D13D21AC3FB300658827 /* ViewController.swift */,
				1595D13F21AC3FB300658827 /* Main.storyboard */,
				1595D14221AC3FB500658827 /* Assets.xcassets */,
				1595D14421AC3FB500658827 /* LaunchScreen.storyboard */,
				1595D14721AC3FB500658827 /* Info.plist */,
			);
			path = UISliderCode;
			sourceTree = "<group>";
		};
		1595D14F21AC3FB500658827 /* UISliderCodeTests */ = {
			isa = PBXGroup;
			children = (
				1595D15021AC3FB500658827 /* UISliderCodeTests.swift */,
				1595D15221AC3FB500658827 /* Info.plist */,
			);
			path = UISliderCodeTests;
			sourceTree = "<group>";
		};
		1595D15A21AC3FB500658827 /* UISliderCodeUITests */ = {
			isa = PBXGroup;
			children = (
				1595D15B21AC3FB500658827 /* UISliderCodeUITests.swift */,
				1595D15D21AC3FB500658827 /* Info.plist */,
			);
			path = UISliderCodeUITests;
			sourceTree = "<group>";
		};
/* End PBXGroup section */

/* Begin PBXNativeTarget section */
		1595D13721AC3FB300658827 /* UISliderCode */ = {
			isa = PBXNativeTarget;
			buildConfigurationList = 1595D16021AC3FB500658827 /* Build configuration list for PBXNativeTarget "UISliderCode" */;
			buildPhases = (
				1595D13421AC3FB300658827 /* Sources */,
				1595D13521AC3FB300658827 /* Frameworks */,
				1595D13621AC3FB300658827 /* Resources */,
			);
			buildRules = (
			);
			dependencies = (
			);
			name = UISliderCode;
			productName = UISliderCode;
			productReference = 1595D13821AC3FB300658827 /* UISliderCode.app */;
			productType = "com.apple.product-type.application";
		};
		1595D14B21AC3FB500658827 /* UISliderCodeTests */ = {
			isa = PBXNativeTarget;
			buildConfigurationList = 1595D16321AC3FB500658827 /* Build configuration list for PBXNativeTarget "UISliderCodeTests" */;
			buildPhases = (
				1595D14821AC3FB500658827 /* Sources */,
				1595D14921AC3FB500658827 /* Frameworks */,
				1595D14A21AC3FB500658827 /* Resources */,
			);
			buildRules = (
			);
			dependencies = (
				1595D14E21AC3FB500658827 /* PBXTargetDependency */,
			);
			name = UISliderCodeTests;
			productName = UISliderCodeTests;
			productReference = 1595D14C21AC3FB500658827 /* UISliderCodeTests.xctest */;
			productType = "com.apple.product-type.bundle.unit-test";
		};
		1595D15621AC3FB500658827 /* UISliderCodeUITests */ = {
			isa = PBXNativeTarget;
			buildConfigurationList = 1595D16621AC3FB500658827 /* Build configuration list for PBXNativeTarget "UISliderCodeUITests" */;
			buildPhases = (
				1595D15321AC3FB500658827 /* Sources */,
				1595D15421AC3FB500658827 /* Frameworks */,
				1595D15521AC3FB500658827 /* Resources */,
			);
			buildRules = (
			);
			dependencies = (
				1595D15921AC3FB500658827 /* PBXTargetDependency */,
			);
			name = UISliderCodeUITests;
			productName = UISliderCodeUITests;
			productReference = 1595D15721AC3FB500658827 /* UISliderCodeUITests.xctest */;
			productType = "com.apple.product-type.bundle.ui-testing";
		};
/* End PBXNativeTarget section */

/* Begin PBXProject section */
		1595D13021AC3FB300658827 /* Project object */ = {
			isa = PBXProject;
			attributes = {
				LastSwiftUpdateCheck = 1010;
				LastUpgradeCheck = 1010;
				ORGANIZATIONNAME = ThachNguyen;
				TargetAttributes = {
					1595D13721AC3FB300658827 = {
						CreatedOnToolsVersion = 10.1;
					};
					1595D14B21AC3FB500658827 = {
						CreatedOnToolsVersion = 10.1;
						TestTargetID = 1595D13721AC3FB300658827;
					};
					1595D15621AC3FB500658827 = {
						CreatedOnToolsVersion = 10.1;
						TestTargetID = 1595D13721AC3FB300658827;
					};
				};
			};
			buildConfigurationList = 1595D13321AC3FB300658827 /* Build configuration list for PBXProject "UISliderCode" */;
			compatibilityVersion = "Xcode 9.3";
			developmentRegion = en;
			hasScannedForEncodings = 0;
			knownRegions = (
				en,
				Base,
			);
			mainGroup = 1595D12F21AC3FB300658827;
			productRefGroup = 1595D13921AC3FB300658827 /* Products */;
			projectDirPath = "";
			projectRoot = "";
			targets = (
				1595D13721AC3FB300658827 /* UISliderCode */,
				1595D14B21AC3FB500658827 /* UISliderCodeTests */,
				1595D15621AC3FB500658827 /* UISliderCodeUITests */,
			);
		};
/* End PBXProject section */

/* Begin PBXResourcesBuildPhase section */
		1595D13621AC3FB300658827 /* Resources */ = {
			isa = PBXResourcesBuildPhase;
			buildActionMask = 2147483647;
			files = (
				1595D14621AC3FB500658827 /* LaunchScreen.storyboard in Resources */,
				1595D14321AC3FB500658827 /* Assets.xcassets in Resources */,
				1595D14121AC3FB300658827 /* Main.storyboard in Resources */,
			);
			runOnlyForDeploymentPostprocessing = 0;
		};
		1595D14A21AC3FB500658827 /* Resources */ = {
			isa = PBXResourcesBuildPhase;
			buildActionMask = 2147483647;
			files = (
			);
			runOnlyForDeploymentPostprocessing = 0;
		};
		1595D15521AC3FB500658827 /* Resources */ = {
			isa = PBXResourcesBuildPhase;
			buildActionMask = 2147483647;
			files = (
			);
			runOnlyForDeploymentPostprocessing = 0;
		};
/* End PBXResourcesBuildPhase section */

/* Begin PBXSourcesBuildPhase section */
		1595D13421AC3FB300658827 /* Sources */ = {
			isa = PBXSourcesBuildPhase;
			buildActionMask = 2147483647;
			files = (
				1595D13E21AC3FB300658827 /* ViewController.swift in Sources */,
				1595D13C21AC3FB300658827 /* AppDelegate.swift in Sources */,
			);
			runOnlyForDeploymentPostprocessing = 0;
		};
		1595D14821AC3FB500658827 /* Sources */ = {
			isa = PBXSourcesBuildPhase;
			buildActionMask = 2147483647;
			files = (
				1595D15121AC3FB500658827 /* UISliderCodeTests.swift in Sources */,
			);
			runOnlyForDeploymentPostprocessing = 0;
		};
		1595D15321AC3FB500658827 /* Sources */ = {
			isa = PBXSourcesBuildPhase;
			buildActionMask = 2147483647;
			files = (
				1595D15C21AC3FB500658827 /* UISliderCodeUITests.swift in Sources */,
			);
			runOnlyForDeploymentPostprocessing = 0;
		};
/* End PBXSourcesBuildPhase section */

/* Begin PBXTargetDependency section */
		1595D14E21AC3FB500658827 /* PBXTargetDependency */ = {
			isa = PBXTargetDependency;
			target = 1595D13721AC3FB300658827 /* UISliderCode */;
			targetProxy = 1595D14D21AC3FB500658827 /* PBXContainerItemProxy */;
		};
		1595D15921AC3FB500658827 /* PBXTargetDependency */ = {
			isa = PBXTargetDependency;
			target = 1595D13721AC3FB300658827 /* UISliderCode */;
			targetProxy = 1595D15821AC3FB500658827 /* PBXContainerItemProxy */;
		};
/* End PBXTargetDependency section */

/* Begin PBXVariantGroup section */
		1595D13F21AC3FB300658827 /* Main.storyboard */ = {
			isa = PBXVariantGroup;
			children = (
				1595D14021AC3FB300658827 /* Base */,
			);
			name = Main.storyboard;
			sourceTree = "<group>";
		};
		1595D14421AC3FB500658827 /* LaunchScreen.storyboard */ = {
			isa = PBXVariantGroup;
			children = (
				1595D14521AC3FB500658827 /* Base */,
			);
			name = LaunchScreen.storyboard;
			sourceTree = "<group>";
		};
/* End PBXVariantGroup section */

/* Begin XCBuildConfiguration section */
		1595D15E21AC3FB500658827 /* Debug */ = {
			isa = XCBuildConfiguration;
			buildSettings = {
				ALWAYS_SEARCH_USER_PATHS = NO;
				CLANG_ANALYZER_NONNULL = YES;
				CLANG_ANALYZER_NUMBER_OBJECT_CONVERSION = YES_AGGRESSIVE;
				CLANG_CXX_LANGUAGE_STANDARD = "gnu++14";
				CLANG_CXX_LIBRARY = "libc++";
				CLANG_ENABLE_MODULES = YES;
				CLANG_ENABLE_OBJC_ARC = YES;
				CLANG_ENABLE_OBJC_WEAK = YES;
				CLANG_WARN_BLOCK_CAPTURE_AUTORELEASING = YES;
				CLANG_WARN_BOOL_CONVERSION = YES;
				CLANG_WARN_COMMA = YES;
				CLANG_WARN_CONSTANT_CONVERSION = YES;
				CLANG_WARN_DEPRECATED_OBJC_IMPLEMENTATIONS = YES;
				CLANG_WARN_DIRECT_OBJC_ISA_USAGE = YES_ERROR;
				CLANG_WARN_DOCUMENTATION_COMMENTS = YES;
				CLANG_WARN_EMPTY_BODY = YES;
				CLANG_WARN_ENUM_CONVERSION = YES;
				CLANG_WARN_INFINITE_RECURSION = YES;
				CLANG_WARN_INT_CONVERSION = YES;
				CLANG_WARN_NON_LITERAL_NULL_CONVERSION = YES;
				CLANG_WARN_OBJC_IMPLICIT_RETAIN_SELF = YES;
				CLANG_WARN_OBJC_LITERAL_CONVERSION = YES;
				CLANG_WARN_OBJC_ROOT_CLASS = YES_ERROR;
				CLANG_WARN_RANGE_LOOP_ANALYSIS = YES;
				CLANG_WARN_STRICT_PROTOTYPES = YES;
				CLANG_WARN_SUSPICIOUS_MOVE = YES;
				CLANG_WARN_UNGUARDED_AVAILABILITY = YES_AGGRESSIVE;
				CLANG_WARN_UNREACHABLE_CODE = YES;
				CLANG_WARN__DUPLICATE_METHOD_MATCH = YES;
				CODE_SIGN_IDENTITY = "iPhone Developer";
				COPY_PHASE_STRIP = NO;
				DEBUG_INFORMATION_FORMAT = dwarf;
				ENABLE_STRICT_OBJC_MSGSEND = YES;
				ENABLE_TESTABILITY = YES;
				GCC_C_LANGUAGE_STANDARD = gnu11;
				GCC_DYNAMIC_NO_PIC = NO;
				GCC_NO_COMMON_BLOCKS = YES;
				GCC_OPTIMIZATION_LEVEL = 0;
				GCC_PREPROCESSOR_DEFINITIONS = (
					"DEBUG=1",
					"$(inherited)",
				);
				GCC_WARN_64_TO_32_BIT_CONVERSION = YES;
				GCC_WARN_ABOUT_RETURN_TYPE = YES_ERROR;
				GCC_WARN_UNDECLARED_SELECTOR = YES;
				GCC_WARN_UNINITIALIZED_AUTOS = YES_AGGRESSIVE;
				GCC_WARN_UNUSED_FUNCTION = YES;
				GCC_WARN_UNUSED_VARIABLE = YES;
				IPHONEOS_DEPLOYMENT_TARGET = 12.1;
				MTL_ENABLE_DEBUG_INFO = INCLUDE_SOURCE;
				MTL_FAST_MATH = YES;
				ONLY_ACTIVE_ARCH = YES;
				SDKROOT = iphoneos;
				SWIFT_ACTIVE_COMPILATION_CONDITIONS = DEBUG;
				SWIFT_OPTIMIZATION_LEVEL = "-Onone";
			};
			name = Debug;
		};
		1595D15F21AC3FB500658827 /* Release */ = {
			isa = XCBuildConfiguration;
			buildSettings = {
				ALWAYS_SEARCH_USER_PATHS = NO;
				CLANG_ANALYZER_NONNULL = YES;
				CLANG_ANALYZER_NUMBER_OBJECT_CONVERSION = YES_AGGRESSIVE;
				CLANG_CXX_LANGUAGE_STANDARD = "gnu++14";
				CLANG_CXX_LIBRARY = "libc++";
				CLANG_ENABLE_MODULES = YES;
				CLANG_ENABLE_OBJC_ARC = YES;
				CLANG_ENABLE_OBJC_WEAK = YES;
				CLANG_WARN_BLOCK_CAPTURE_AUTORELEASING = YES;
				CLANG_WARN_BOOL_CONVERSION = YES;
				CLANG_WARN_COMMA = YES;
				CLANG_WARN_CONSTANT_CONVERSION = YES;
				CLANG_WARN_DEPRECATED_OBJC_IMPLEMENTATIONS = YES;
				CLANG_WARN_DIRECT_OBJC_ISA_USAGE = YES_ERROR;
				CLANG_WARN_DOCUMENTATION_COMMENTS = YES;
				CLANG_WARN_EMPTY_BODY = YES;
				CLANG_WARN_ENUM_CONVERSION = YES;
				CLANG_WARN_INFINITE_RECURSION = YES;
				CLANG_WARN_INT_CONVERSION = YES;
				CLANG_WARN_NON_LITERAL_NULL_CONVERSION = YES;
				CLANG_WARN_OBJC_IMPLICIT_RETAIN_SELF = YES;
				CLANG_WARN_OBJC_LITERAL_CONVERSION = YES;
				CLANG_WARN_OBJC_ROOT_CLASS = YES_ERROR;
				CLANG_WARN_RANGE_LOOP_ANALYSIS = YES;
				CLANG_WARN_STRICT_PROTOTYPES = YES;
				CLANG_WARN_SUSPICIOUS_MOVE = YES;
				CLANG_WARN_UNGUARDED_AVAILABILITY = YES_AGGRESSIVE;
				CLANG_WARN_UNREACHABLE_CODE = YES;
				CLANG_WARN__DUPLICATE_METHOD_MATCH = YES;
				CODE_SIGN_IDENTITY = "iPhone Developer";
				COPY_PHASE_STRIP = NO;
				DEBUG_INFORMATION_FORMAT = "dwarf-with-dsym";
				ENABLE_NS_ASSERTIONS = NO;
				ENABLE_STRICT_OBJC_MSGSEND = YES;
				GCC_C_LANGUAGE_STANDARD = gnu11;
				GCC_NO_COMMON_BLOCKS = YES;
				GCC_WARN_64_TO_32_BIT_CONVERSION = YES;
				GCC_WARN_ABOUT_RETURN_TYPE = YES_ERROR;
				GCC_WARN_UNDECLARED_SELECTOR = YES;
				GCC_WARN_UNINITIALIZED_AUTOS = YES_AGGRESSIVE;
				GCC_WARN_UNUSED_FUNCTION = YES;
				GCC_WARN_UNUSED_VARIABLE = YES;
				IPHONEOS_DEPLOYMENT_TARGET = 12.1;
				MTL_ENABLE_DEBUG_INFO = NO;
				MTL_FAST_MATH = YES;
				SDKROOT = iphoneos;
				SWIFT_COMPILATION_MODE = wholemodule;
				SWIFT_OPTIMIZATION_LEVEL = "-O";
				VALIDATE_PRODUCT = YES;
			};
			name = Release;
		};
		1595D16121AC3FB500658827 /* Debug */ = {
			isa = XCBuildConfiguration;
			buildSettings = {
				ASSETCATALOG_COMPILER_APPICON_NAME = AppIcon;
				CODE_SIGN_STYLE = Automatic;
				DEVELOPMENT_TEAM = G7MP3ZNRQ4;
				INFOPLIST_FILE = UISliderCode/Info.plist;
				LD_RUNPATH_SEARCH_PATHS = (
					"$(inherited)",
					"@executable_path/Frameworks",
				);
				PRODUCT_BUNDLE_IDENTIFIER = thachnguyenit.UISliderCode;
				PRODUCT_NAME = "$(TARGET_NAME)";
				SWIFT_VERSION = 4.2;
				TARGETED_DEVICE_FAMILY = "1,2";
			};
			name = Debug;
		};
		1595D16221AC3FB500658827 /* Release */ = {
			isa = XCBuildConfiguration;
			buildSettings = {
				ASSETCATALOG_COMPILER_APPICON_NAME = AppIcon;
				CODE_SIGN_STYLE = Automatic;
				DEVELOPMENT_TEAM = G7MP3ZNRQ4;
				INFOPLIST_FILE = UISliderCode/Info.plist;
				LD_RUNPATH_SEARCH_PATHS = (
					"$(inherited)",
					"@executable_path/Frameworks",
				);
				PRODUCT_BUNDLE_IDENTIFIER = thachnguyenit.UISliderCode;
				PRODUCT_NAME = "$(TARGET_NAME)";
				SWIFT_VERSION = 4.2;
				TARGETED_DEVICE_FAMILY = "1,2";
			};
			name = Release;
		};
		1595D16421AC3FB500658827 /* Debug */ = {
			isa = XCBuildConfiguration;
			buildSettings = {
				ALWAYS_EMBED_SWIFT_STANDARD_LIBRARIES = YES;
				BUNDLE_LOADER = "$(TEST_HOST)";
				CODE_SIGN_STYLE = Automatic;
				DEVELOPMENT_TEAM = G7MP3ZNRQ4;
				INFOPLIST_FILE = UISliderCodeTests/Info.plist;
				LD_RUNPATH_SEARCH_PATHS = (
					"$(inherited)",
					"@executable_path/Frameworks",
					"@loader_path/Frameworks",
				);
				PRODUCT_BUNDLE_IDENTIFIER = thachnguyenit.UISliderCodeTests;
				PRODUCT_NAME = "$(TARGET_NAME)";
				SWIFT_VERSION = 4.2;
				TARGETED_DEVICE_FAMILY = "1,2";
				TEST_HOST = "$(BUILT_PRODUCTS_DIR)/UISliderCode.app/UISliderCode";
			};
			name = Debug;
		};
		1595D16521AC3FB500658827 /* Release */ = {
			isa = XCBuildConfiguration;
			buildSettings = {
				ALWAYS_EMBED_SWIFT_STANDARD_LIBRARIES = YES;
				BUNDLE_LOADER = "$(TEST_HOST)";
				CODE_SIGN_STYLE = Automatic;
				DEVELOPMENT_TEAM = G7MP3ZNRQ4;
				INFOPLIST_FILE = UISliderCodeTests/Info.plist;
				LD_RUNPATH_SEARCH_PATHS = (
					"$(inherited)",
					"@executable_path/Frameworks",
					"@loader_path/Frameworks",
				);
				PRODUCT_BUNDLE_IDENTIFIER = thachnguyenit.UISliderCodeTests;
				PRODUCT_NAME = "$(TARGET_NAME)";
				SWIFT_VERSION = 4.2;
				TARGETED_DEVICE_FAMILY = "1,2";
				TEST_HOST = "$(BUILT_PRODUCTS_DIR)/UISliderCode.app/UISliderCode";
			};
			name = Release;
		};
		1595D16721AC3FB500658827 /* Debug */ = {
			isa = XCBuildConfiguration;
			buildSettings = {
				ALWAYS_EMBED_SWIFT_STANDARD_LIBRARIES = YES;
				CODE_SIGN_STYLE = Automatic;
				DEVELOPMENT_TEAM = G7MP3ZNRQ4;
				INFOPLIST_FILE = UISliderCodeUITests/Info.plist;
				LD_RUNPATH_SEARCH_PATHS = (
					"$(inherited)",
					"@executable_path/Frameworks",
					"@loader_path/Frameworks",
				);
				PRODUCT_BUNDLE_IDENTIFIER = thachnguyenit.UISliderCodeUITests;
				PRODUCT_NAME = "$(TARGET_NAME)";
				SWIFT_VERSION = 4.2;
				TARGETED_DEVICE_FAMILY = "1,2";
				TEST_TARGET_NAME = UISliderCode;
			};
			name = Debug;
		};
		1595D16821AC3FB500658827 /* Release */ = {
			isa = XCBuildConfiguration;
			buildSettings = {
				ALWAYS_EMBED_SWIFT_STANDARD_LIBRARIES = YES;
				CODE_SIGN_STYLE = Automatic;
				DEVELOPMENT_TEAM = G7MP3ZNRQ4;
				INFOPLIST_FILE = UISliderCodeUITests/Info.plist;
				LD_RUNPATH_SEARCH_PATHS = (
					"$(inherited)",
					"@executable_path/Frameworks",
					"@loader_path/Frameworks",
				);
				PRODUCT_BUNDLE_IDENTIFIER = thachnguyenit.UISliderCodeUITests;
				PRODUCT_NAME = "$(TARGET_NAME)";
				SWIFT_VERSION = 4.2;
				TARGETED_DEVICE_FAMILY = "1,2";
				TEST_TARGET_NAME = UISliderCode;
			};
			name = Release;
		};
/* End XCBuildConfiguration section */

/* Begin XCConfigurationList section */
		1595D13321AC3FB300658827 /* Build configuration list for PBXProject "UISliderCode" */ = {
			isa = XCConfigurationList;
			buildConfigurations = (
				1595D15E21AC3FB500658827 /* Debug */,
				1595D15F21AC3FB500658827 /* Release */,
			);
			defaultConfigurationIsVisible = 0;
			defaultConfigurationName = Release;
		};
		1595D16021AC3FB500658827 /* Build configuration list for PBXNativeTarget "UISliderCode" */ = {
			isa = XCConfigurationList;
			buildConfigurations = (
				1595D16121AC3FB500658827 /* Debug */,
				1595D16221AC3FB500658827 /* Release */,
			);
			defaultConfigurationIsVisible = 0;
			defaultConfigurationName = Release;
		};
		1595D16321AC3FB500658827 /* Build configuration list for PBXNativeTarget "UISliderCodeTests" */ = {
			isa = XCConfigurationList;
			buildConfigurations = (
				1595D16421AC3FB500658827 /* Debug */,
				1595D16521AC3FB500658827 /* Release */,
			);
			defaultConfigurationIsVisible = 0;
			defaultConfigurationName = Release;
		};
		1595D16621AC3FB500658827 /* Build configuration list for PBXNativeTarget "UISliderCodeUITests" */ = {
			isa = XCConfigurationList;
			buildConfigurations = (
				1595D16721AC3FB500658827 /* Debug */,
				1595D16821AC3FB500658827 /* Release */,
			);
			defaultConfigurationIsVisible = 0;
			defaultConfigurationName = Release;
		};
/* End XCConfigurationList section */
	};
	rootObject = 1595D13021AC3FB300658827 /* Project object */;
}
